// !$*UTF8*$!
{
	archiveVersion = 1;
	classes = {
	};
	objectVersion = 46;
	objects = {

/* Begin PBXBuildFile section */
		B52FD6A21A2DBCAF00CC103C /* blackboard.jpg in Resources */ = {isa = PBXBuildFile; fileRef = B52FD6A11A2DBCAF00CC103C /* blackboard.jpg */; };
		B53CF1371A2D22730089B980 /* main.m in Sources */ = {isa = PBXBuildFile; fileRef = B53CF1361A2D22730089B980 /* main.m */; };
		B53CF13A1A2D22730089B980 /* AppDelegate.m in Sources */ = {isa = PBXBuildFile; fileRef = B53CF1391A2D22730089B980 /* AppDelegate.m */; };
		B53CF13D1A2D22730089B980 /* ViewController.m in Sources */ = {isa = PBXBuildFile; fileRef = B53CF13C1A2D22730089B980 /* ViewController.m */; };
		B53CF1401A2D22730089B980 /* Main.storyboard in Resources */ = {isa = PBXBuildFile; fileRef = B53CF13E1A2D22730089B980 /* Main.storyboard */; };
		B53CF1421A2D22730089B980 /* Images.xcassets in Resources */ = {isa = PBXBuildFile; fileRef = B53CF1411A2D22730089B980 /* Images.xcassets */; };
		B53CF1451A2D22730089B980 /* LaunchScreen.xib in Resources */ = {isa = PBXBuildFile; fileRef = B53CF1431A2D22730089B980 /* LaunchScreen.xib */; };
		B53CF1511A2D22730089B980 /* VirtualBBTests.m in Sources */ = {isa = PBXBuildFile; fileRef = B53CF1501A2D22730089B980 /* VirtualBBTests.m */; };
		B53CF15C1A2D24940089B980 /* VBBClient.m in Sources */ = {isa = PBXBuildFile; fileRef = B53CF15B1A2D24940089B980 /* VBBClient.m */; };
		B59D570B1A2DA5D00019B824 /* RetrieveSnapShotVC.m in Sources */ = {isa = PBXBuildFile; fileRef = B59D570A1A2DA5D00019B824 /* RetrieveSnapShotVC.m */; };
		B59D570F1A2DA9630019B824 /* text-pic-left.png in Resources */ = {isa = PBXBuildFile; fileRef = B59D570E1A2DA9630019B824 /* text-pic-left.png */; };
		B59D57111A2DA9B60019B824 /* camera.png in Resources */ = {isa = PBXBuildFile; fileRef = B59D57101A2DA9B60019B824 /* camera.png */; };
		B59D57131A2DA9CC0019B824 /* gear.png in Resources */ = {isa = PBXBuildFile; fileRef = B59D57121A2DA9CC0019B824 /* gear.png */; };
		B59D57161A2DAF180019B824 /* RegisterVC.m in Sources */ = {isa = PBXBuildFile; fileRef = B59D57151A2DAF180019B824 /* RegisterVC.m */; };
		B59D57191A2DB4470019B824 /* SettingsVC.m in Sources */ = {isa = PBXBuildFile; fileRef = B59D57181A2DB4470019B824 /* SettingsVC.m */; };
		B59E5DED1A2E24BC008B005C /* AVFoundation.framework in Frameworks */ = {isa = PBXBuildFile; fileRef = B59E5DEC1A2E24BC008B005C /* AVFoundation.framework */; };
		B59E5DF01A2E610C008B005C /* NewSnapShotVC.m in Sources */ = {isa = PBXBuildFile; fileRef = B59E5DEF1A2E610C008B005C /* NewSnapShotVC.m */; };
		B59E5DF31A2E9035008B005C /* UploadSnapShotVC.m in Sources */ = {isa = PBXBuildFile; fileRef = B59E5DF21A2E9035008B005C /* UploadSnapShotVC.m */; };
		B59E5DF51A2E952A008B005C /* MobileCoreServices.framework in Frameworks */ = {isa = PBXBuildFile; fileRef = B59E5DF41A2E952A008B005C /* MobileCoreServices.framework */; };
		B59E5DF81A2EB0BC008B005C /* SnapShotListVC.m in Sources */ = {isa = PBXBuildFile; fileRef = B59E5DF71A2EB0BC008B005C /* SnapShotListVC.m */; };
		B59E5DFB1A2EB84F008B005C /* VBBImage.m in Sources */ = {isa = PBXBuildFile; fileRef = B59E5DFA1A2EB84F008B005C /* VBBImage.m */; };
		B59E5DFE1A2EBAE4008B005C /* SnapShotVC.m in Sources */ = {isa = PBXBuildFile; fileRef = B59E5DFD1A2EBAE4008B005C /* SnapShotVC.m */; };
		B59E5E001A2EE1E9008B005C /* FacebookSDK.framework in Frameworks */ = {isa = PBXBuildFile; fileRef = B59E5DFF1A2EE1E9008B005C /* FacebookSDK.framework */; };
		F2D752B31A2EF8BF00B30F66 /* VBb.jpg in Resources */ = {isa = PBXBuildFile; fileRef = F2D752B21A2EF8BF00B30F66 /* VBb.jpg */; };
		FDA807D876A0E9A94AD5AB5C /* libPods.a in Frameworks */ = {isa = PBXBuildFile; fileRef = 4475731C5683CACEC06D61D8 /* libPods.a */; };
/* End PBXBuildFile section */

/* Begin PBXContainerItemProxy section */
		B53CF14B1A2D22730089B980 /* PBXContainerItemProxy */ = {
			isa = PBXContainerItemProxy;
			containerPortal = B53CF1291A2D22730089B980 /* Project object */;
			proxyType = 1;
			remoteGlobalIDString = B53CF1301A2D22730089B980;
			remoteInfo = VirtualBB;
		};
/* End PBXContainerItemProxy section */

/* Begin PBXFileReference section */
		4475731C5683CACEC06D61D8 /* libPods.a */ = {isa = PBXFileReference; explicitFileType = archive.ar; includeInIndex = 0; path = libPods.a; sourceTree = BUILT_PRODUCTS_DIR; };
		5AD6279A3DBC630FF3B2F5B5 /* Pods.debug.xcconfig */ = {isa = PBXFileReference; includeInIndex = 1; lastKnownFileType = text.xcconfig; name = Pods.debug.xcconfig; path = "Pods/Target Support Files/Pods/Pods.debug.xcconfig"; sourceTree = "<group>"; };
		B52FD6A11A2DBCAF00CC103C /* blackboard.jpg */ = {isa = PBXFileReference; lastKnownFileType = image.jpeg; path = blackboard.jpg; sourceTree = "<group>"; };
		B53CF1311A2D22730089B980 /* VirtualBB.app */ = {isa = PBXFileReference; explicitFileType = wrapper.application; includeInIndex = 0; path = VirtualBB.app; sourceTree = BUILT_PRODUCTS_DIR; };
		B53CF1351A2D22730089B980 /* Info.plist */ = {isa = PBXFileReference; lastKnownFileType = text.plist.xml; path = Info.plist; sourceTree = "<group>"; };
		B53CF1361A2D22730089B980 /* main.m */ = {isa = PBXFileReference; lastKnownFileType = sourcecode.c.objc; path = main.m; sourceTree = "<group>"; };
		B53CF1381A2D22730089B980 /* AppDelegate.h */ = {isa = PBXFileReference; lastKnownFileType = sourcecode.c.h; path = AppDelegate.h; sourceTree = "<group>"; };
		B53CF1391A2D22730089B980 /* AppDelegate.m */ = {isa = PBXFileReference; lastKnownFileType = sourcecode.c.objc; path = AppDelegate.m; sourceTree = "<group>"; };
		B53CF13B1A2D22730089B980 /* ViewController.h */ = {isa = PBXFileReference; lastKnownFileType = sourcecode.c.h; path = ViewController.h; sourceTree = "<group>"; };
		B53CF13C1A2D22730089B980 /* ViewController.m */ = {isa = PBXFileReference; lastKnownFileType = sourcecode.c.objc; path = ViewController.m; sourceTree = "<group>"; };
		B53CF13F1A2D22730089B980 /* Base */ = {isa = PBXFileReference; lastKnownFileType = file.storyboard; name = Base; path = Base.lproj/Main.storyboard; sourceTree = "<group>"; };
		B53CF1411A2D22730089B980 /* Images.xcassets */ = {isa = PBXFileReference; lastKnownFileType = folder.assetcatalog; path = Images.xcassets; sourceTree = "<group>"; };
		B53CF1441A2D22730089B980 /* Base */ = {isa = PBXFileReference; lastKnownFileType = file.xib; name = Base; path = Base.lproj/LaunchScreen.xib; sourceTree = "<group>"; };
		B53CF14A1A2D22730089B980 /* VirtualBBTests.xctest */ = {isa = PBXFileReference; explicitFileType = wrapper.cfbundle; includeInIndex = 0; path = VirtualBBTests.xctest; sourceTree = BUILT_PRODUCTS_DIR; };
		B53CF14F1A2D22730089B980 /* Info.plist */ = {isa = PBXFileReference; lastKnownFileType = text.plist.xml; path = Info.plist; sourceTree = "<group>"; };
		B53CF1501A2D22730089B980 /* VirtualBBTests.m */ = {isa = PBXFileReference; lastKnownFileType = sourcecode.c.objc; path = VirtualBBTests.m; sourceTree = "<group>"; };
		B53CF15A1A2D24940089B980 /* VBBClient.h */ = {isa = PBXFileReference; fileEncoding = 4; lastKnownFileType = sourcecode.c.h; path = VBBClient.h; sourceTree = "<group>"; };
		B53CF15B1A2D24940089B980 /* VBBClient.m */ = {isa = PBXFileReference; fileEncoding = 4; lastKnownFileType = sourcecode.c.objc; path = VBBClient.m; sourceTree = "<group>"; };
		B59D57091A2DA5D00019B824 /* RetrieveSnapShotVC.h */ = {isa = PBXFileReference; fileEncoding = 4; lastKnownFileType = sourcecode.c.h; path = RetrieveSnapShotVC.h; sourceTree = "<group>"; };
		B59D570A1A2DA5D00019B824 /* RetrieveSnapShotVC.m */ = {isa = PBXFileReference; fileEncoding = 4; lastKnownFileType = sourcecode.c.objc; path = RetrieveSnapShotVC.m; sourceTree = "<group>"; };
		B59D570E1A2DA9630019B824 /* text-pic-left.png */ = {isa = PBXFileReference; lastKnownFileType = image.png; path = "text-pic-left.png"; sourceTree = "<group>"; };
		B59D57101A2DA9B60019B824 /* camera.png */ = {isa = PBXFileReference; lastKnownFileType = image.png; path = camera.png; sourceTree = "<group>"; };
		B59D57121A2DA9CC0019B824 /* gear.png */ = {isa = PBXFileReference; lastKnownFileType = image.png; path = gear.png; sourceTree = "<group>"; };
		B59D57141A2DAF180019B824 /* RegisterVC.h */ = {isa = PBXFileReference; fileEncoding = 4; lastKnownFileType = sourcecode.c.h; path = RegisterVC.h; sourceTree = "<group>"; };
		B59D57151A2DAF180019B824 /* RegisterVC.m */ = {isa = PBXFileReference; fileEncoding = 4; lastKnownFileType = sourcecode.c.objc; path = RegisterVC.m; sourceTree = "<group>"; };
		B59D57171A2DB4470019B824 /* SettingsVC.h */ = {isa = PBXFileReference; fileEncoding = 4; lastKnownFileType = sourcecode.c.h; path = SettingsVC.h; sourceTree = "<group>"; };
		B59D57181A2DB4470019B824 /* SettingsVC.m */ = {isa = PBXFileReference; fileEncoding = 4; lastKnownFileType = sourcecode.c.objc; path = SettingsVC.m; sourceTree = "<group>"; };
		B59E5DEC1A2E24BC008B005C /* AVFoundation.framework */ = {isa = PBXFileReference; lastKnownFileType = wrapper.framework; name = AVFoundation.framework; path = System/Library/Frameworks/AVFoundation.framework; sourceTree = SDKROOT; };
		B59E5DEE1A2E610C008B005C /* NewSnapShotVC.h */ = {isa = PBXFileReference; fileEncoding = 4; lastKnownFileType = sourcecode.c.h; path = NewSnapShotVC.h; sourceTree = "<group>"; };
		B59E5DEF1A2E610C008B005C /* NewSnapShotVC.m */ = {isa = PBXFileReference; fileEncoding = 4; lastKnownFileType = sourcecode.c.objc; path = NewSnapShotVC.m; sourceTree = "<group>"; };
		B59E5DF11A2E9035008B005C /* UploadSnapShotVC.h */ = {isa = PBXFileReference; fileEncoding = 4; lastKnownFileType = sourcecode.c.h; path = UploadSnapShotVC.h; sourceTree = "<group>"; };
		B59E5DF21A2E9035008B005C /* UploadSnapShotVC.m */ = {isa = PBXFileReference; fileEncoding = 4; lastKnownFileType = sourcecode.c.objc; path = UploadSnapShotVC.m; sourceTree = "<group>"; };
		B59E5DF41A2E952A008B005C /* MobileCoreServices.framework */ = {isa = PBXFileReference; lastKnownFileType = wrapper.framework; name = MobileCoreServices.framework; path = System/Library/Frameworks/MobileCoreServices.framework; sourceTree = SDKROOT; };
		B59E5DF61A2EB0BC008B005C /* SnapShotListVC.h */ = {isa = PBXFileReference; fileEncoding = 4; lastKnownFileType = sourcecode.c.h; path = SnapShotListVC.h; sourceTree = "<group>"; };
		B59E5DF71A2EB0BC008B005C /* SnapShotListVC.m */ = {isa = PBXFileReference; fileEncoding = 4; lastKnownFileType = sourcecode.c.objc; path = SnapShotListVC.m; sourceTree = "<group>"; };
		B59E5DF91A2EB84F008B005C /* VBBImage.h */ = {isa = PBXFileReference; fileEncoding = 4; lastKnownFileType = sourcecode.c.h; path = VBBImage.h; sourceTree = "<group>"; };
		B59E5DFA1A2EB84F008B005C /* VBBImage.m */ = {isa = PBXFileReference; fileEncoding = 4; lastKnownFileType = sourcecode.c.objc; path = VBBImage.m; sourceTree = "<group>"; };
		B59E5DFC1A2EBAE4008B005C /* SnapShotVC.h */ = {isa = PBXFileReference; fileEncoding = 4; lastKnownFileType = sourcecode.c.h; path = SnapShotVC.h; sourceTree = "<group>"; };
		B59E5DFD1A2EBAE4008B005C /* SnapShotVC.m */ = {isa = PBXFileReference; fileEncoding = 4; lastKnownFileType = sourcecode.c.objc; path = SnapShotVC.m; sourceTree = "<group>"; };
		B59E5DFF1A2EE1E9008B005C /* FacebookSDK.framework */ = {isa = PBXFileReference; lastKnownFileType = wrapper.framework; name = FacebookSDK.framework; path = ../../../Documents/FacebookSDK/FacebookSDK.framework; sourceTree = "<group>"; };
		EA89C179A2B4050ABA2EFEE2 /* Pods.release.xcconfig */ = {isa = PBXFileReference; includeInIndex = 1; lastKnownFileType = text.xcconfig; name = Pods.release.xcconfig; path = "Pods/Target Support Files/Pods/Pods.release.xcconfig"; sourceTree = "<group>"; };
		F2D752B21A2EF8BF00B30F66 /* VBb.jpg */ = {isa = PBXFileReference; lastKnownFileType = image.jpeg; path = VBb.jpg; sourceTree = "<group>"; };
/* End PBXFileReference section */

/* Begin PBXFrameworksBuildPhase section */
		B53CF12E1A2D22730089B980 /* Frameworks */ = {
			isa = PBXFrameworksBuildPhase;
			buildActionMask = 2147483647;
			files = (
				B59E5DF51A2E952A008B005C /* MobileCoreServices.framework in Frameworks */,
				B59E5E001A2EE1E9008B005C /* FacebookSDK.framework in Frameworks */,
				B59E5DED1A2E24BC008B005C /* AVFoundation.framework in Frameworks */,
				FDA807D876A0E9A94AD5AB5C /* libPods.a in Frameworks */,
			);
			runOnlyForDeploymentPostprocessing = 0;
		};
		B53CF1471A2D22730089B980 /* Frameworks */ = {
			isa = PBXFrameworksBuildPhase;
			buildActionMask = 2147483647;
			files = (
			);
			runOnlyForDeploymentPostprocessing = 0;
		};
/* End PBXFrameworksBuildPhase section */

/* Begin PBXGroup section */
		43FFFED842DE9E834A2864DE /* Pods */ = {
			isa = PBXGroup;
			children = (
				5AD6279A3DBC630FF3B2F5B5 /* Pods.debug.xcconfig */,
				EA89C179A2B4050ABA2EFEE2 /* Pods.release.xcconfig */,
			);
			name = Pods;
			sourceTree = "<group>";
		};
		9601297D2E988A1C733EB9A1 /* Frameworks */ = {
			isa = PBXGroup;
			children = (
				B59E5DFF1A2EE1E9008B005C /* FacebookSDK.framework */,
				B59E5DF41A2E952A008B005C /* MobileCoreServices.framework */,
				B59E5DEC1A2E24BC008B005C /* AVFoundation.framework */,
				4475731C5683CACEC06D61D8 /* libPods.a */,
			);
			name = Frameworks;
			sourceTree = "<group>";
		};
		B53CF1281A2D22730089B980 = {
			isa = PBXGroup;
			children = (
				B53CF1331A2D22730089B980 /* VirtualBB */,
				B53CF14D1A2D22730089B980 /* VirtualBBTests */,
				B53CF1321A2D22730089B980 /* Products */,
				43FFFED842DE9E834A2864DE /* Pods */,
				9601297D2E988A1C733EB9A1 /* Frameworks */,
			);
			sourceTree = "<group>";
		};
		B53CF1321A2D22730089B980 /* Products */ = {
			isa = PBXGroup;
			children = (
				B53CF1311A2D22730089B980 /* VirtualBB.app */,
				B53CF14A1A2D22730089B980 /* VirtualBBTests.xctest */,
			);
			name = Products;
			sourceTree = "<group>";
		};
		B53CF1331A2D22730089B980 /* VirtualBB */ = {
			isa = PBXGroup;
			children = (
				B52FD6A11A2DBCAF00CC103C /* blackboard.jpg */,
				B59D570E1A2DA9630019B824 /* text-pic-left.png */,
				B59D57101A2DA9B60019B824 /* camera.png */,
				B59D57121A2DA9CC0019B824 /* gear.png */,
				F2D752B21A2EF8BF00B30F66 /* VBb.jpg */,
				B53CF1381A2D22730089B980 /* AppDelegate.h */,
				B53CF1391A2D22730089B980 /* AppDelegate.m */,
				B53CF13B1A2D22730089B980 /* ViewController.h */,
				B53CF13C1A2D22730089B980 /* ViewController.m */,
				B59D57141A2DAF180019B824 /* RegisterVC.h */,
				B59D57151A2DAF180019B824 /* RegisterVC.m */,
				B59D57091A2DA5D00019B824 /* RetrieveSnapShotVC.h */,
				B59D570A1A2DA5D00019B824 /* RetrieveSnapShotVC.m */,
				B59E5DF61A2EB0BC008B005C /* SnapShotListVC.h */,
				B59E5DF71A2EB0BC008B005C /* SnapShotListVC.m */,
				B59E5DFC1A2EBAE4008B005C /* SnapShotVC.h */,
				B59E5DFD1A2EBAE4008B005C /* SnapShotVC.m */,
				B59E5DF91A2EB84F008B005C /* VBBImage.h */,
				B59E5DFA1A2EB84F008B005C /* VBBImage.m */,
				B59E5DEE1A2E610C008B005C /* NewSnapShotVC.h */,
				B59E5DEF1A2E610C008B005C /* NewSnapShotVC.m */,
				B59E5DF11A2E9035008B005C /* UploadSnapShotVC.h */,
				B59E5DF21A2E9035008B005C /* UploadSnapShotVC.m */,
				B59D57171A2DB4470019B824 /* SettingsVC.h */,
				B59D57181A2DB4470019B824 /* SettingsVC.m */,
				B53CF15A1A2D24940089B980 /* VBBClient.h */,
				B53CF15B1A2D24940089B980 /* VBBClient.m */,
				B53CF13E1A2D22730089B980 /* Main.storyboard */,
				B53CF1411A2D22730089B980 /* Images.xcassets */,
				B53CF1431A2D22730089B980 /* LaunchScreen.xib */,
				B53CF1341A2D22730089B980 /* Supporting Files */,
			);
			path = VirtualBB;
			sourceTree = "<group>";
		};
		B53CF1341A2D22730089B980 /* Supporting Files */ = {
			isa = PBXGroup;
			children = (
				B53CF1351A2D22730089B980 /* Info.plist */,
				B53CF1361A2D22730089B980 /* main.m */,
			);
			name = "Supporting Files";
			sourceTree = "<group>";
		};
		B53CF14D1A2D22730089B980 /* VirtualBBTests */ = {
			isa = PBXGroup;
			children = (
				B53CF1501A2D22730089B980 /* VirtualBBTests.m */,
				B53CF14E1A2D22730089B980 /* Supporting Files */,
			);
			path = VirtualBBTests;
			sourceTree = "<group>";
		};
		B53CF14E1A2D22730089B980 /* Supporting Files */ = {
			isa = PBXGroup;
			children = (
				B53CF14F1A2D22730089B980 /* Info.plist */,
			);
			name = "Supporting Files";
			sourceTree = "<group>";
		};
/* End PBXGroup section */

/* Begin PBXNativeTarget section */
		B53CF1301A2D22730089B980 /* VirtualBB */ = {
			isa = PBXNativeTarget;
			buildConfigurationList = B53CF1541A2D22730089B980 /* Build configuration list for PBXNativeTarget "VirtualBB" */;
			buildPhases = (
				2B29BE4C828382CFDFF1395C /* Check Pods Manifest.lock */,
				B53CF12D1A2D22730089B980 /* Sources */,
				B53CF12E1A2D22730089B980 /* Frameworks */,
				B53CF12F1A2D22730089B980 /* Resources */,
				33CF87A350AE4A1DF37BBD71 /* Copy Pods Resources */,
			);
			buildRules = (
			);
			dependencies = (
			);
			name = VirtualBB;
			productName = VirtualBB;
			productReference = B53CF1311A2D22730089B980 /* VirtualBB.app */;
			productType = "com.apple.product-type.application";
		};
		B53CF1491A2D22730089B980 /* VirtualBBTests */ = {
			isa = PBXNativeTarget;
			buildConfigurationList = B53CF1571A2D22730089B980 /* Build configuration list for PBXNativeTarget "VirtualBBTests" */;
			buildPhases = (
				B53CF1461A2D22730089B980 /* Sources */,
				B53CF1471A2D22730089B980 /* Frameworks */,
				B53CF1481A2D22730089B980 /* Resources */,
			);
			buildRules = (
			);
			dependencies = (
				B53CF14C1A2D22730089B980 /* PBXTargetDependency */,
			);
			name = VirtualBBTests;
			productName = VirtualBBTests;
			productReference = B53CF14A1A2D22730089B980 /* VirtualBBTests.xctest */;
			productType = "com.apple.product-type.bundle.unit-test";
		};
/* End PBXNativeTarget section */

/* Begin PBXProject section */
		B53CF1291A2D22730089B980 /* Project object */ = {
			isa = PBXProject;
			attributes = {
				LastUpgradeCheck = 0610;
				ORGANIZATIONNAME = "Washington University";
				TargetAttributes = {
					B53CF1301A2D22730089B980 = {
						CreatedOnToolsVersion = 6.1;
						DevelopmentTeam = 2QT42FZAH3;
					};
					B53CF1491A2D22730089B980 = {
						CreatedOnToolsVersion = 6.1;
						TestTargetID = B53CF1301A2D22730089B980;
					};
				};
			};
			buildConfigurationList = B53CF12C1A2D22730089B980 /* Build configuration list for PBXProject "VirtualBB" */;
			compatibilityVersion = "Xcode 3.2";
			developmentRegion = English;
			hasScannedForEncodings = 0;
			knownRegions = (
				en,
				Base,
			);
			mainGroup = B53CF1281A2D22730089B980;
			productRefGroup = B53CF1321A2D22730089B980 /* Products */;
			projectDirPath = "";
			projectRoot = "";
			targets = (
				B53CF1301A2D22730089B980 /* VirtualBB */,
				B53CF1491A2D22730089B980 /* VirtualBBTests */,
			);
		};
/* End PBXProject section */

/* Begin PBXResourcesBuildPhase section */
		B53CF12F1A2D22730089B980 /* Resources */ = {
			isa = PBXResourcesBuildPhase;
			buildActionMask = 2147483647;
			files = (
				F2D752B31A2EF8BF00B30F66 /* VBb.jpg in Resources */,
				B52FD6A21A2DBCAF00CC103C /* blackboard.jpg in Resources */,
				B53CF1401A2D22730089B980 /* Main.storyboard in Resources */,
				B53CF1451A2D22730089B980 /* LaunchScreen.xib in Resources */,
				B59D57131A2DA9CC0019B824 /* gear.png in Resources */,
				B59D570F1A2DA9630019B824 /* text-pic-left.png in Resources */,
				B53CF1421A2D22730089B980 /* Images.xcassets in Resources */,
				B59D57111A2DA9B60019B824 /* camera.png in Resources */,
			);
			runOnlyForDeploymentPostprocessing = 0;
		};
		B53CF1481A2D22730089B980 /* Resources */ = {
			isa = PBXResourcesBuildPhase;
			buildActionMask = 2147483647;
			files = (
			);
			runOnlyForDeploymentPostprocessing = 0;
		};
/* End PBXResourcesBuildPhase section */

/* Begin PBXShellScriptBuildPhase section */
		2B29BE4C828382CFDFF1395C /* Check Pods Manifest.lock */ = {
			isa = PBXShellScriptBuildPhase;
			buildActionMask = 2147483647;
			files = (
			);
			inputPaths = (
			);
			name = "Check Pods Manifest.lock";
			outputPaths = (
			);
			runOnlyForDeploymentPostprocessing = 0;
			shellPath = /bin/sh;
			shellScript = "diff \"${PODS_ROOT}/../Podfile.lock\" \"${PODS_ROOT}/Manifest.lock\" > /dev/null\nif [[ $? != 0 ]] ; then\n    cat << EOM\nerror: The sandbox is not in sync with the Podfile.lock. Run 'pod install' or update your CocoaPods installation.\nEOM\n    exit 1\nfi\n";
			showEnvVarsInLog = 0;
		};
		33CF87A350AE4A1DF37BBD71 /* Copy Pods Resources */ = {
			isa = PBXShellScriptBuildPhase;
			buildActionMask = 2147483647;
			files = (
			);
			inputPaths = (
			);
			name = "Copy Pods Resources";
			outputPaths = (
			);
			runOnlyForDeploymentPostprocessing = 0;
			shellPath = /bin/sh;
			shellScript = "\"${SRCROOT}/Pods/Target Support Files/Pods/Pods-resources.sh\"\n";
			showEnvVarsInLog = 0;
		};
/* End PBXShellScriptBuildPhase section */

/* Begin PBXSourcesBuildPhase section */
		B53CF12D1A2D22730089B980 /* Sources */ = {
			isa = PBXSourcesBuildPhase;
			buildActionMask = 2147483647;
			files = (
				B53CF13D1A2D22730089B980 /* ViewController.m in Sources */,
				B53CF13A1A2D22730089B980 /* AppDelegate.m in Sources */,
				B53CF1371A2D22730089B980 /* main.m in Sources */,
				B59D57191A2DB4470019B824 /* SettingsVC.m in Sources */,
				B59E5DFE1A2EBAE4008B005C /* SnapShotVC.m in Sources */,
				B59D57161A2DAF180019B824 /* RegisterVC.m in Sources */,
				B59E5DF01A2E610C008B005C /* NewSnapShotVC.m in Sources */,
				B53CF15C1A2D24940089B980 /* VBBClient.m in Sources */,
				B59E5DF31A2E9035008B005C /* UploadSnapShotVC.m in Sources */,
				B59E5DF81A2EB0BC008B005C /* SnapShotListVC.m in Sources */,
				B59D570B1A2DA5D00019B824 /* RetrieveSnapShotVC.m in Sources */,
				B59E5DFB1A2EB84F008B005C /* VBBImage.m in Sources */,
			);
			runOnlyForDeploymentPostprocessing = 0;
		};
		B53CF1461A2D22730089B980 /* Sources */ = {
			isa = PBXSourcesBuildPhase;
			buildActionMask = 2147483647;
			files = (
				B53CF1511A2D22730089B980 /* VirtualBBTests.m in Sources */,
			);
			runOnlyForDeploymentPostprocessing = 0;
		};
/* End PBXSourcesBuildPhase section */

/* Begin PBXTargetDependency section */
		B53CF14C1A2D22730089B980 /* PBXTargetDependency */ = {
			isa = PBXTargetDependency;
			target = B53CF1301A2D22730089B980 /* VirtualBB */;
			targetProxy = B53CF14B1A2D22730089B980 /* PBXContainerItemProxy */;
		};
/* End PBXTargetDependency section */

/* Begin PBXVariantGroup section */
		B53CF13E1A2D22730089B980 /* Main.storyboard */ = {
			isa = PBXVariantGroup;
			children = (
				B53CF13F1A2D22730089B980 /* Base */,
			);
			name = Main.storyboard;
			sourceTree = "<group>";
		};
		B53CF1431A2D22730089B980 /* LaunchScreen.xib */ = {
			isa = PBXVariantGroup;
			children = (
				B53CF1441A2D22730089B980 /* Base */,
			);
			name = LaunchScreen.xib;
			sourceTree = "<group>";
		};
/* End PBXVariantGroup section */

/* Begin XCBuildConfiguration section */
		B53CF1521A2D22730089B980 /* Debug */ = {
			isa = XCBuildConfiguration;
			buildSettings = {
				ALWAYS_SEARCH_USER_PATHS = NO;
				CLANG_CXX_LANGUAGE_STANDARD = "gnu++0x";
				CLANG_CXX_LIBRARY = "libc++";
				CLANG_ENABLE_MODULES = YES;
				CLANG_ENABLE_OBJC_ARC = YES;
				CLANG_WARN_BOOL_CONVERSION = YES;
				CLANG_WARN_CONSTANT_CONVERSION = YES;
				CLANG_WARN_DIRECT_OBJC_ISA_USAGE = YES_ERROR;
				CLANG_WARN_EMPTY_BODY = YES;
				CLANG_WARN_ENUM_CONVERSION = YES;
				CLANG_WARN_INT_CONVERSION = YES;
				CLANG_WARN_OBJC_ROOT_CLASS = YES_ERROR;
				CLANG_WARN_UNREACHABLE_CODE = YES;
				CLANG_WARN__DUPLICATE_METHOD_MATCH = YES;
				"CODE_SIGN_IDENTITY[sdk=iphoneos*]" = "iPhone Developer";
				COPY_PHASE_STRIP = NO;
				ENABLE_STRICT_OBJC_MSGSEND = YES;
				GCC_C_LANGUAGE_STANDARD = gnu99;
				GCC_DYNAMIC_NO_PIC = NO;
				GCC_OPTIMIZATION_LEVEL = 0;
				GCC_PREPROCESSOR_DEFINITIONS = (
					"DEBUG=1",
					"$(inherited)",
				);
				GCC_SYMBOLS_PRIVATE_EXTERN = NO;
				GCC_WARN_64_TO_32_BIT_CONVERSION = YES;
				GCC_WARN_ABOUT_RETURN_TYPE = YES_ERROR;
				GCC_WARN_UNDECLARED_SELECTOR = YES;
				GCC_WARN_UNINITIALIZED_AUTOS = YES_AGGRESSIVE;
				GCC_WARN_UNUSED_FUNCTION = YES;
				GCC_WARN_UNUSED_VARIABLE = YES;
				IPHONEOS_DEPLOYMENT_TARGET = 8.1;
				MTL_ENABLE_DEBUG_INFO = YES;
				ONLY_ACTIVE_ARCH = YES;
				SDKROOT = iphoneos;
			};
			name = Debug;
		};
		B53CF1531A2D22730089B980 /* Release */ = {
			isa = XCBuildConfiguration;
			buildSettings = {
				ALWAYS_SEARCH_USER_PATHS = NO;
				CLANG_CXX_LANGUAGE_STANDARD = "gnu++0x";
				CLANG_CXX_LIBRARY = "libc++";
				CLANG_ENABLE_MODULES = YES;
				CLANG_ENABLE_OBJC_ARC = YES;
				CLANG_WARN_BOOL_CONVERSION = YES;
				CLANG_WARN_CONSTANT_CONVERSION = YES;
				CLANG_WARN_DIRECT_OBJC_ISA_USAGE = YES_ERROR;
				CLANG_WARN_EMPTY_BODY = YES;
				CLANG_WARN_ENUM_CONVERSION = YES;
				CLANG_WARN_INT_CONVERSION = YES;
				CLANG_WARN_OBJC_ROOT_CLASS = YES_ERROR;
				CLANG_WARN_UNREACHABLE_CODE = YES;
				CLANG_WARN__DUPLICATE_METHOD_MATCH = YES;
				"CODE_SIGN_IDENTITY[sdk=iphoneos*]" = "iPhone Developer";
				COPY_PHASE_STRIP = YES;
				ENABLE_NS_ASSERTIONS = NO;
				ENABLE_STRICT_OBJC_MSGSEND = YES;
				GCC_C_LANGUAGE_STANDARD = gnu99;
				GCC_WARN_64_TO_32_BIT_CONVERSION = YES;
				GCC_WARN_ABOUT_RETURN_TYPE = YES_ERROR;
				GCC_WARN_UNDECLARED_SELECTOR = YES;
				GCC_WARN_UNINITIALIZED_AUTOS = YES_AGGRESSIVE;
				GCC_WARN_UNUSED_FUNCTION = YES;
				GCC_WARN_UNUSED_VARIABLE = YES;
				IPHONEOS_DEPLOYMENT_TARGET = 8.1;
				MTL_ENABLE_DEBUG_INFO = NO;
				SDKROOT = iphoneos;
				VALIDATE_PRODUCT = YES;
			};
			name = Release;
		};
		B53CF1551A2D22730089B980 /* Debug */ = {
			isa = XCBuildConfiguration;
			baseConfigurationReference = 5AD6279A3DBC630FF3B2F5B5 /* Pods.debug.xcconfig */;
			buildSettings = {
				ASSETCATALOG_COMPILER_APPICON_NAME = AppIcon;
				CODE_SIGN_IDENTITY = "iPhone Developer";
				"CODE_SIGN_IDENTITY[sdk=iphoneos*]" = "iPhone Developer";
				FRAMEWORK_SEARCH_PATHS = (
					"$(inherited)",
					/Users/evanhuang8/Documents/FacebookSDK,
				);
				INFOPLIST_FILE = VirtualBB/Info.plist;
				IPHONEOS_DEPLOYMENT_TARGET = 8.0;
				LD_RUNPATH_SEARCH_PATHS = "$(inherited) @executable_path/Frameworks";
				PRODUCT_NAME = "$(TARGET_NAME)";
				PROVISIONING_PROFILE = "";
			};
			name = Debug;
		};
		B53CF1561A2D22730089B980 /* Release */ = {
			isa = XCBuildConfiguration;
			baseConfigurationReference = EA89C179A2B4050ABA2EFEE2 /* Pods.release.xcconfig */;
			buildSettings = {
				ASSETCATALOG_COMPILER_APPICON_NAME = AppIcon;
				CODE_SIGN_IDENTITY = "iPhone Developer";
				"CODE_SIGN_IDENTITY[sdk=iphoneos*]" = "iPhone Developer";
				FRAMEWORK_SEARCH_PATHS = (
					"$(inherited)",
					/Users/evanhuang8/Documents/FacebookSDK,
				);
				INFOPLIST_FILE = VirtualBB/Info.plist;
				IPHONEOS_DEPLOYMENT_TARGET = 8.0;
				LD_RUNPATH_SEARCH_PATHS = "$(inherited) @executable_path/Frameworks";
				PRODUCT_NAME = "$(TARGET_NAME)";
				PROVISIONING_PROFILE = "";
			};
			name = Release;
		};
		B53CF1581A2D22730089B980 /* Debug */ = {
			isa = XCBuildConfiguration;
			buildSettings = {
				BUNDLE_LOADER = "$(TEST_HOST)";
				FRAMEWORK_SEARCH_PATHS = (
					"$(SDKROOT)/Developer/Library/Frameworks",
					"$(inherited)",
				);
				GCC_PREPROCESSOR_DEFINITIONS = (
					"DEBUG=1",
					"$(inherited)",
				);
				INFOPLIST_FILE = VirtualBBTests/Info.plist;
				LD_RUNPATH_SEARCH_PATHS = "$(inherited) @executable_path/Frameworks @loader_path/Frameworks";
				PRODUCT_NAME = "$(TARGET_NAME)";
				TEST_HOST = "$(BUILT_PRODUCTS_DIR)/VirtualBB.app/VirtualBB";
			};
			name = Debug;
		};
		B53CF1591A2D22730089B980 /* Release */ = {
			isa = XCBuildConfiguration;
			buildSettings = {
				BUNDLE_LOADER = "$(TEST_HOST)";
				FRAMEWORK_SEARCH_PATHS = (
					"$(SDKROOT)/Developer/Library/Frameworks",
					"$(inherited)",
				);
				INFOPLIST_FILE = VirtualBBTests/Info.plist;
				LD_RUNPATH_SEARCH_PATHS = "$(inherited) @executable_path/Frameworks @loader_path/Frameworks";
				PRODUCT_NAME = "$(TARGET_NAME)";
				TEST_HOST = "$(BUILT_PRODUCTS_DIR)/VirtualBB.app/VirtualBB";
			};
			name = Release;
		};
/* End XCBuildConfiguration section */

/* Begin XCConfigurationList section */
		B53CF12C1A2D22730089B980 /* Build configuration list for PBXProject "VirtualBB" */ = {
			isa = XCConfigurationList;
			buildConfigurations = (
				B53CF1521A2D22730089B980 /* Debug */,
				B53CF1531A2D22730089B980 /* Release */,
			);
			defaultConfigurationIsVisible = 0;
			defaultConfigurationName = Release;
		};
		B53CF1541A2D22730089B980 /* Build configuration list for PBXNativeTarget "VirtualBB" */ = {
			isa = XCConfigurationList;
			buildConfigurations = (
				B53CF1551A2D22730089B980 /* Debug */,
				B53CF1561A2D22730089B980 /* Release */,
			);
			defaultConfigurationIsVisible = 0;
			defaultConfigurationName = Release;
		};
		B53CF1571A2D22730089B980 /* Build configuration list for PBXNativeTarget "VirtualBBTests" */ = {
			isa = XCConfigurationList;
			buildConfigurations = (
				B53CF1581A2D22730089B980 /* Debug */,
				B53CF1591A2D22730089B980 /* Release */,
			);
			defaultConfigurationIsVisible = 0;
			defaultConfigurationName = Release;
		};
/* End XCConfigurationList section */
	};
	rootObject = B53CF1291A2D22730089B980 /* Project object */;
}
